# THIS IS AN AUTOGENERATED FILE. DO NOT EDIT THIS FILE DIRECTLY.
# yarn lockfile v1


concat-typed-array@1.0.2:
  version "1.0.2"
  resolved "https://registry.yarnpkg.com/concat-typed-array/-/concat-typed-array-1.0.2.tgz#67880c3ce19ecff110c31598b41c7f4739d47ca0"
  integrity sha512-aC878bxeWSlrY6h60cCDwBUXpKwovZrB7+C4+VHNO1CIXW2gBLxbQ757jWtOXUscLGgYI8R84N6uy9fTJPe+0g==

libsodium-wrappers@0.7.3:
  version "0.7.3"
  resolved "https://registry.yarnpkg.com/libsodium-wrappers/-/libsodium-wrappers-0.7.3.tgz#b7e6326a5c42eb269540e360ce9c2600eb90c75c"
  integrity sha512-dw5Jh6TZ5qc5rQVZe3JrSO/J05CE+DmAPnqD7Q2glBUE969xZ6o3fchnUxyPlp6ss3x0MFxmdJntveFN+XTg1g==
  dependencies:
    libsodium "0.7.3"

libsodium@0.7.3:
  version "0.7.3"
  resolved "https://registry.yarnpkg.com/libsodium/-/libsodium-0.7.3.tgz#35faf57293ba5485049d5072d0e96feda12f1f35"
  integrity sha512-ld+deUNqSsZYbAobUs63UyduPq8ICp/Ul/5lbvBIYpuSNWpPRU0PIxbW+xXipVZtuopR6fIz9e0tTnNuPMNeqw==
